
Microsoft Visual Studio Solution File, Format Version 12.00
# Visual Studio Version 17
VisualStudioVersion = 17.4.33205.214
MinimumVisualStudioVersion = 10.0.40219.1
Project("{FAE04EC0-301F-11D3-BF4B-00C04F79EFBC}") = "JwtToken", "JwtToken\JwtToken.csproj", "{70F6C0A0-5C57-44C5-B784-8DE8F5302416}"
EndProject
Global
	GlobalSection(SolutionConfigurationPlatforms) = preSolution
		Debug|Any CPU = Debug|Any CPU
		Release|Any CPU = Release|Any CPU
	EndGlobalSection
	GlobalSection(ProjectConfigurationPlatforms) = postSolution
		{70F6C0A0-5C57-44C5-B784-8DE8F5302416}.Debug|Any CPU.ActiveCfg = Debug|Any CPU
		{70F6C0A0-5C57-44C5-B784-8DE8F5302416}.Debug|Any CPU.Build.0 = Debug|Any CPU
		{70F6C0A0-5C57-44C5-B784-8DE8F5302416}.Release|Any CPU.ActiveCfg = Release|Any CPU
		{70F6C0A0-5C57-44C5-B784-8DE8F5302416}.Release|Any CPU.Build.0 = Release|Any CPU
	EndGlobalSection
	GlobalSection(SolutionProperties) = preSolution
		HideSolutionNode = FALSE
	EndGlobalSection
	GlobalSection(ExtensibilityGlobals) = postSolution
		SolutionGuid = {39A8CFA4-D0C2-47EE-BE78-E0D2816F9B68}
	EndGlobalSection
EndGlobal
